
Microsoft Visual Studio Solution File, Format Version 12.00
# Visual Studio Version 17
VisualStudioVersion = 17.7.34221.43
MinimumVisualStudioVersion = 10.0.40219.1
Project("{2150E333-8FDC-42A3-9474-1A3956D46DE8}") = "Products", "Products", "{95C53002-FFE9-4AE9-804F-A7D4E6659B95}"
EndProject
Project("{2150E333-8FDC-42A3-9474-1A3956D46DE8}") = "UserManagement", "UserManagement", "{C9613164-5D91-44F5-AA17-A6C0E1EDF47D}"
EndProject
Project("{2150E333-8FDC-42A3-9474-1A3956D46DE8}") = "MicroServices", "MicroServices", "{6D544DF0-6BB3-4178-ABB3-D5D840599937}"
EndProject
Project("{2150E333-8FDC-42A3-9474-1A3956D46DE8}") = "ApiGateway", "ApiGateway", "{F437ED5B-FE46-4725-8464-D6CA733C8F35}"
EndProject
Project("{9A19103F-16F7-4668-BE54-9A1E7A4F7556}") = "ARC.Product.Persistence", "ARC.MicroServices\ARC.Product\ARC.Product.Persistence\ARC.Product.Persistence.csproj", "{F07FA55F-1B28-4FAF-A98C-89D42B66FF0E}"
EndProject
Project("{9A19103F-16F7-4668-BE54-9A1E7A4F7556}") = "ARC.Product.Core", "ARC.MicroServices\ARC.Product\ARC.Product.Core\ARC.Product.Core.csproj", "{7A3558AC-D485-4156-8E57-25B1A3EA16D7}"
EndProject
Project("{9A19103F-16F7-4668-BE54-9A1E7A4F7556}") = "ARC.Product.Web", "ARC.MicroServices\ARC.Product\ARC.Product\ARC.Product.Web.csproj", "{F98B7536-68EF-4787-9006-005995743DA8}"
EndProject
Project("{2150E333-8FDC-42A3-9474-1A3956D46DE8}") = "Infrastructure", "Infrastructure", "{9A9451B3-E27B-4E54-9062-EE2FD4460298}"
EndProject
Project("{9A19103F-16F7-4668-BE54-9A1E7A4F7556}") = "ARC.Infrastructure", "Infrastructure\ARC.Infrastructure\ARC.Infrastructure.csproj", "{80A43830-ADC5-488B-B142-73D718D60C0D}"
EndProject
Project("{9A19103F-16F7-4668-BE54-9A1E7A4F7556}") = "ARC.UserManagement.Persistence", "ARC.MicroServices\ARC.UserManagement\ARC.UserManagement.Persistence\ARC.UserManagement.Persistence.csproj", "{1356D44D-79D7-4FA9-8E40-99E15C5FECF3}"
EndProject
Project("{9A19103F-16F7-4668-BE54-9A1E7A4F7556}") = "ARC.UserManagement.Core", "ARC.MicroServices\ARC.UserManagement\ARC.UserManagement.Core\ARC.UserManagement.Core.csproj", "{C25D42DC-C32D-4546-89B5-D28A908E8B55}"
EndProject
Project("{9A19103F-16F7-4668-BE54-9A1E7A4F7556}") = "ARC.UserAuthManagement.Web", "ARC.MicroServices\ARC.UserManagement\ARC.UserAuthManagement.Web\ARC.UserAuthManagement.Web.csproj", "{3377323A-FF90-448A-A558-3F3FF064C5C9}"
EndProject
Project("{9A19103F-16F7-4668-BE54-9A1E7A4F7556}") = "ARC.ApiGateway", "ApiGateway\ARC.ApiGateway\ARC.ApiGateway.csproj", "{44A768C2-41FA-4579-872B-3F0B5AD9A4C7}"
EndProject
Project("{2150E333-8FDC-42A3-9474-1A3956D46DE8}") = "Deployment", "Deployment", "{3ED54930-556F-483E-893F-46BD376A48EB}"
EndProject
Project("{E53339B2-1760-4266-BCC7-CA923CBCF16C}") = "docker-compose", "Deployment\docker-compose.dcproj", "{24CE0AC5-2BD7-4C31-808F-5727A795B9D6}"
EndProject
Global
	GlobalSection(SolutionConfigurationPlatforms) = preSolution
		Debug|Any CPU = Debug|Any CPU
		Release|Any CPU = Release|Any CPU
	EndGlobalSection
	GlobalSection(ProjectConfigurationPlatforms) = postSolution
		{F07FA55F-1B28-4FAF-A98C-89D42B66FF0E}.Debug|Any CPU.ActiveCfg = Debug|Any CPU
		{F07FA55F-1B28-4FAF-A98C-89D42B66FF0E}.Debug|Any CPU.Build.0 = Debug|Any CPU
		{F07FA55F-1B28-4FAF-A98C-89D42B66FF0E}.Release|Any CPU.ActiveCfg = Release|Any CPU
		{F07FA55F-1B28-4FAF-A98C-89D42B66FF0E}.Release|Any CPU.Build.0 = Release|Any CPU
		{7A3558AC-D485-4156-8E57-25B1A3EA16D7}.Debug|Any CPU.ActiveCfg = Debug|Any CPU
		{7A3558AC-D485-4156-8E57-25B1A3EA16D7}.Debug|Any CPU.Build.0 = Debug|Any CPU
		{7A3558AC-D485-4156-8E57-25B1A3EA16D7}.Release|Any CPU.ActiveCfg = Release|Any CPU
		{7A3558AC-D485-4156-8E57-25B1A3EA16D7}.Release|Any CPU.Build.0 = Release|Any CPU
		{F98B7536-68EF-4787-9006-005995743DA8}.Debug|Any CPU.ActiveCfg = Debug|Any CPU
		{F98B7536-68EF-4787-9006-005995743DA8}.Debug|Any CPU.Build.0 = Debug|Any CPU
		{F98B7536-68EF-4787-9006-005995743DA8}.Release|Any CPU.ActiveCfg = Release|Any CPU
		{F98B7536-68EF-4787-9006-005995743DA8}.Release|Any CPU.Build.0 = Release|Any CPU
		{80A43830-ADC5-488B-B142-73D718D60C0D}.Debug|Any CPU.ActiveCfg = Debug|Any CPU
		{80A43830-ADC5-488B-B142-73D718D60C0D}.Debug|Any CPU.Build.0 = Debug|Any CPU
		{80A43830-ADC5-488B-B142-73D718D60C0D}.Release|Any CPU.ActiveCfg = Release|Any CPU
		{80A43830-ADC5-488B-B142-73D718D60C0D}.Release|Any CPU.Build.0 = Release|Any CPU
		{1356D44D-79D7-4FA9-8E40-99E15C5FECF3}.Debug|Any CPU.ActiveCfg = Debug|Any CPU
		{1356D44D-79D7-4FA9-8E40-99E15C5FECF3}.Debug|Any CPU.Build.0 = Debug|Any CPU
		{1356D44D-79D7-4FA9-8E40-99E15C5FECF3}.Release|Any CPU.ActiveCfg = Release|Any CPU
		{1356D44D-79D7-4FA9-8E40-99E15C5FECF3}.Release|Any CPU.Build.0 = Release|Any CPU
		{C25D42DC-C32D-4546-89B5-D28A908E8B55}.Debug|Any CPU.ActiveCfg = Debug|Any CPU
		{C25D42DC-C32D-4546-89B5-D28A908E8B55}.Debug|Any CPU.Build.0 = Debug|Any CPU
		{C25D42DC-C32D-4546-89B5-D28A908E8B55}.Release|Any CPU.ActiveCfg = Release|Any CPU
		{C25D42DC-C32D-4546-89B5-D28A908E8B55}.Release|Any CPU.Build.0 = Release|Any CPU
		{3377323A-FF90-448A-A558-3F3FF064C5C9}.Debug|Any CPU.ActiveCfg = Debug|Any CPU
		{3377323A-FF90-448A-A558-3F3FF064C5C9}.Debug|Any CPU.Build.0 = Debug|Any CPU
		{3377323A-FF90-448A-A558-3F3FF064C5C9}.Release|Any CPU.ActiveCfg = Release|Any CPU
		{3377323A-FF90-448A-A558-3F3FF064C5C9}.Release|Any CPU.Build.0 = Release|Any CPU
		{44A768C2-41FA-4579-872B-3F0B5AD9A4C7}.Debug|Any CPU.ActiveCfg = Debug|Any CPU
		{44A768C2-41FA-4579-872B-3F0B5AD9A4C7}.Debug|Any CPU.Build.0 = Debug|Any CPU
		{44A768C2-41FA-4579-872B-3F0B5AD9A4C7}.Release|Any CPU.ActiveCfg = Release|Any CPU
		{44A768C2-41FA-4579-872B-3F0B5AD9A4C7}.Release|Any CPU.Build.0 = Release|Any CPU
		{24CE0AC5-2BD7-4C31-808F-5727A795B9D6}.Debug|Any CPU.ActiveCfg = Debug|Any CPU
		{24CE0AC5-2BD7-4C31-808F-5727A795B9D6}.Debug|Any CPU.Build.0 = Debug|Any CPU
		{24CE0AC5-2BD7-4C31-808F-5727A795B9D6}.Release|Any CPU.ActiveCfg = Release|Any CPU
		{24CE0AC5-2BD7-4C31-808F-5727A795B9D6}.Release|Any CPU.Build.0 = Release|Any CPU
	EndGlobalSection
	GlobalSection(SolutionProperties) = preSolution
		HideSolutionNode = FALSE
	EndGlobalSection
	GlobalSection(NestedProjects) = preSolution
		{95C53002-FFE9-4AE9-804F-A7D4E6659B95} = {6D544DF0-6BB3-4178-ABB3-D5D840599937}
		{C9613164-5D91-44F5-AA17-A6C0E1EDF47D} = {6D544DF0-6BB3-4178-ABB3-D5D840599937}
		{F07FA55F-1B28-4FAF-A98C-89D42B66FF0E} = {95C53002-FFE9-4AE9-804F-A7D4E6659B95}
		{7A3558AC-D485-4156-8E57-25B1A3EA16D7} = {95C53002-FFE9-4AE9-804F-A7D4E6659B95}
		{F98B7536-68EF-4787-9006-005995743DA8} = {95C53002-FFE9-4AE9-804F-A7D4E6659B95}
		{80A43830-ADC5-488B-B142-73D718D60C0D} = {9A9451B3-E27B-4E54-9062-EE2FD4460298}
		{1356D44D-79D7-4FA9-8E40-99E15C5FECF3} = {C9613164-5D91-44F5-AA17-A6C0E1EDF47D}
		{C25D42DC-C32D-4546-89B5-D28A908E8B55} = {C9613164-5D91-44F5-AA17-A6C0E1EDF47D}
		{3377323A-FF90-448A-A558-3F3FF064C5C9} = {C9613164-5D91-44F5-AA17-A6C0E1EDF47D}
		{44A768C2-41FA-4579-872B-3F0B5AD9A4C7} = {F437ED5B-FE46-4725-8464-D6CA733C8F35}
		{24CE0AC5-2BD7-4C31-808F-5727A795B9D6} = {3ED54930-556F-483E-893F-46BD376A48EB}
	EndGlobalSection
	GlobalSection(ExtensibilityGlobals) = postSolution
		SolutionGuid = {1B827902-5F23-4671-85BF-7BAAFF045FB6}
	EndGlobalSection
EndGlobal
